
Microsoft Visual Studio Solution File, Format Version 12.00
# Visual Studio 14
VisualStudioVersion = 14.0.23107.0
MinimumVisualStudioVersion = 10.0.40219.1
Project("{FAE04EC0-301F-11D3-BF4B-00C04F79EFBC}") = "CSGOUtility", "CSGOUtility\CSGOUtility.csproj", "{0375C0D5-8542-4D9D-9B14-BFBF19E4C532}"
EndProject
Project("{FAE04EC0-301F-11D3-BF4B-00C04F79EFBC}") = "Launcher", "Launcher\Launcher.csproj", "{C6811D9D-17EA-413B-A523-F9B986F19284}"
EndProject
Project("{FAE04EC0-301F-11D3-BF4B-00C04F79EFBC}") = "Common", "Common\Common.csproj", "{BC9CF26A-0A26-479B-8EAF-122A24E49E00}"
EndProject
Global
	GlobalSection(SolutionConfigurationPlatforms) = preSolution
		Debug|Any CPU = Debug|Any CPU
		Release|Any CPU = Release|Any CPU
	EndGlobalSection
	GlobalSection(ProjectConfigurationPlatforms) = postSolution
		{0375C0D5-8542-4D9D-9B14-BFBF19E4C532}.Debug|Any CPU.ActiveCfg = Debug|Any CPU
		{0375C0D5-8542-4D9D-9B14-BFBF19E4C532}.Debug|Any CPU.Build.0 = Debug|Any CPU
		{0375C0D5-8542-4D9D-9B14-BFBF19E4C532}.Release|Any CPU.ActiveCfg = Release|Any CPU
		{0375C0D5-8542-4D9D-9B14-BFBF19E4C532}.Release|Any CPU.Build.0 = Release|Any CPU
		{C6811D9D-17EA-413B-A523-F9B986F19284}.Debug|Any CPU.ActiveCfg = Debug|Any CPU
		{C6811D9D-17EA-413B-A523-F9B986F19284}.Debug|Any CPU.Build.0 = Debug|Any CPU
		{C6811D9D-17EA-413B-A523-F9B986F19284}.Release|Any CPU.ActiveCfg = Release|Any CPU
		{C6811D9D-17EA-413B-A523-F9B986F19284}.Release|Any CPU.Build.0 = Release|Any CPU
		{BC9CF26A-0A26-479B-8EAF-122A24E49E00}.Debug|Any CPU.ActiveCfg = Debug|Any CPU
		{BC9CF26A-0A26-479B-8EAF-122A24E49E00}.Debug|Any CPU.Build.0 = Debug|Any CPU
		{BC9CF26A-0A26-479B-8EAF-122A24E49E00}.Release|Any CPU.ActiveCfg = Release|Any CPU
		{BC9CF26A-0A26-479B-8EAF-122A24E49E00}.Release|Any CPU.Build.0 = Release|Any CPU
	EndGlobalSection
	GlobalSection(SolutionProperties) = preSolution
		HideSolutionNode = FALSE
	EndGlobalSection
EndGlobal
